
Microsoft Visual Studio Solution File, Format Version 12.00
# Visual Studio Version 17
VisualStudioVersion = 17.10.35013.160
MinimumVisualStudioVersion = 10.0.40219.1
Project("{2150E333-8FDC-42A3-9474-1A3956D46DE8}") = "src", "src", "{958724CF-8A91-4230-8E4F-73EF46FBBFA1}"
EndProject
Project("{2150E333-8FDC-42A3-9474-1A3956D46DE8}") = "Services", "Services", "{663F1639-9EE0-4D02-8E26-8B3681FCB17D}"
EndProject
Project("{2150E333-8FDC-42A3-9474-1A3956D46DE8}") = "API", "API", "{3ABA354F-745B-49FE-9193-4FCB56A990CF}"
EndProject
Project("{9A19103F-16F7-4668-BE54-9A1E7A4F7556}") = "SGONGA.WebAPI.Business", "src\services\SGONGA.WebAPI.Business\SGONGA.WebAPI.Business.csproj", "{7E1823A4-3530-413F-AFDA-3DF2CD521FD7}"
EndProject
Project("{9A19103F-16F7-4668-BE54-9A1E7A4F7556}") = "SGONGA.WebAPI.Identity", "src\services\SGONGA.WebAPI.Identity\SGONGA.WebAPI.Identity.csproj", "{317D3BBE-7663-4046-B237-2B615DD33821}"
EndProject
Project("{9A19103F-16F7-4668-BE54-9A1E7A4F7556}") = "SGONGA.WebAPI.Data", "src\services\SGONGA.WebAPI.Data\SGONGA.WebAPI.Data.csproj", "{131F704B-064C-4EF5-9C96-7E5BEC5CD48E}"
EndProject
Project("{9A19103F-16F7-4668-BE54-9A1E7A4F7556}") = "SGONGA.WebAPI.API", "src\services\SGONGA.WebAPI.API\SGONGA.WebAPI.API.csproj", "{1DFDDC24-8B93-4CA6-B0C5-500C98DDC545}"
EndProject
Project("{2150E333-8FDC-42A3-9474-1A3956D46DE8}") = "BuildingBlocks", "BuildingBlocks", "{4329DCDC-5D6A-49CE-9F59-A397A530F0F7}"
EndProject
Project("{9A19103F-16F7-4668-BE54-9A1E7A4F7556}") = "SGONGA.Core", "src\building blocks\SGONGA.Core\SGONGA.Core.csproj", "{2EE779F7-F244-42FD-A32A-EC7E3D3F8A3A}"
EndProject
Project("{2150E333-8FDC-42A3-9474-1A3956D46DE8}") = "Infrastructure", "Infrastructure", "{E26A236A-88F8-4F16-92E1-22AB2E8D052F}"
EndProject
Project("{9A19103F-16F7-4668-BE54-9A1E7A4F7556}") = "SGONGA.AppHost", "src\infrastructure\SGONGA.AppHost\SGONGA.AppHost.csproj", "{EE1855D8-0072-403F-AD5A-A910A50276C3}"
EndProject
Project("{9A19103F-16F7-4668-BE54-9A1E7A4F7556}") = "SGONGA.ServiceDefaults", "src\infrastructure\SGONGA.ServiceDefaults\SGONGA.ServiceDefaults.csproj", "{D29E4788-434F-48DF-AE6C-019AF2A82919}"
EndProject
Project("{2150E333-8FDC-42A3-9474-1A3956D46DE8}") = "Tests", "Tests", "{05921D45-24D2-4580-8831-6D6ACBC66B26}"
EndProject
Project("{2150E333-8FDC-42A3-9474-1A3956D46DE8}") = "Services", "Services", "{4A6FDFBD-B949-45FB-BA3D-18805E03501D}"
EndProject
Project("{2150E333-8FDC-42A3-9474-1A3956D46DE8}") = "API", "API", "{ABA08494-3A4B-4EC6-AA92-3DDB6C98C87A}"
EndProject
Project("{9A19103F-16F7-4668-BE54-9A1E7A4F7556}") = "SGONGA.WebAPI.API.Tests", "src\tests\SGONGA.WebAPI.API.Tests\SGONGA.WebAPI.API.Tests.csproj", "{BE79ED6E-465D-40BD-8CC2-27FF82CDD0AD}"
EndProject
Project("{9A19103F-16F7-4668-BE54-9A1E7A4F7556}") = "SGONGA.WebAPI.Mocks", "src\tests\SGONGA.WebAPI.Mocks\SGONGA.WebAPI.Mocks.csproj", "{33518E7C-6779-4951-982D-76037E5D2774}"
EndProject
Project("{2150E333-8FDC-42A3-9474-1A3956D46DE8}") = "Shared", "Shared", "{D61A302B-B72D-4B8C-A57A-2C5A860E0C84}"
EndProject
Project("{9A19103F-16F7-4668-BE54-9A1E7A4F7556}") = "SGONGA.WebAPI.Business.Tests", "src\tests\SGONGA.WebAPI.Business.Tests\SGONGA.WebAPI.Business.Tests.csproj", "{E7D1FB55-8E24-48ED-9665-4B8B7ABDE318}"
EndProject
Global
	GlobalSection(SolutionConfigurationPlatforms) = preSolution
		Debug|Any CPU = Debug|Any CPU
		Release|Any CPU = Release|Any CPU
	EndGlobalSection
	GlobalSection(ProjectConfigurationPlatforms) = postSolution
		{7E1823A4-3530-413F-AFDA-3DF2CD521FD7}.Debug|Any CPU.ActiveCfg = Debug|Any CPU
		{7E1823A4-3530-413F-AFDA-3DF2CD521FD7}.Debug|Any CPU.Build.0 = Debug|Any CPU
		{7E1823A4-3530-413F-AFDA-3DF2CD521FD7}.Release|Any CPU.ActiveCfg = Release|Any CPU
		{7E1823A4-3530-413F-AFDA-3DF2CD521FD7}.Release|Any CPU.Build.0 = Release|Any CPU
		{317D3BBE-7663-4046-B237-2B615DD33821}.Debug|Any CPU.ActiveCfg = Debug|Any CPU
		{317D3BBE-7663-4046-B237-2B615DD33821}.Debug|Any CPU.Build.0 = Debug|Any CPU
		{317D3BBE-7663-4046-B237-2B615DD33821}.Release|Any CPU.ActiveCfg = Release|Any CPU
		{317D3BBE-7663-4046-B237-2B615DD33821}.Release|Any CPU.Build.0 = Release|Any CPU
		{131F704B-064C-4EF5-9C96-7E5BEC5CD48E}.Debug|Any CPU.ActiveCfg = Debug|Any CPU
		{131F704B-064C-4EF5-9C96-7E5BEC5CD48E}.Debug|Any CPU.Build.0 = Debug|Any CPU
		{131F704B-064C-4EF5-9C96-7E5BEC5CD48E}.Release|Any CPU.ActiveCfg = Release|Any CPU
		{131F704B-064C-4EF5-9C96-7E5BEC5CD48E}.Release|Any CPU.Build.0 = Release|Any CPU
		{1DFDDC24-8B93-4CA6-B0C5-500C98DDC545}.Debug|Any CPU.ActiveCfg = Debug|Any CPU
		{1DFDDC24-8B93-4CA6-B0C5-500C98DDC545}.Debug|Any CPU.Build.0 = Debug|Any CPU
		{1DFDDC24-8B93-4CA6-B0C5-500C98DDC545}.Release|Any CPU.ActiveCfg = Release|Any CPU
		{1DFDDC24-8B93-4CA6-B0C5-500C98DDC545}.Release|Any CPU.Build.0 = Release|Any CPU
		{2EE779F7-F244-42FD-A32A-EC7E3D3F8A3A}.Debug|Any CPU.ActiveCfg = Debug|Any CPU
		{2EE779F7-F244-42FD-A32A-EC7E3D3F8A3A}.Debug|Any CPU.Build.0 = Debug|Any CPU
		{2EE779F7-F244-42FD-A32A-EC7E3D3F8A3A}.Release|Any CPU.ActiveCfg = Release|Any CPU
		{2EE779F7-F244-42FD-A32A-EC7E3D3F8A3A}.Release|Any CPU.Build.0 = Release|Any CPU
		{EE1855D8-0072-403F-AD5A-A910A50276C3}.Debug|Any CPU.ActiveCfg = Debug|Any CPU
		{EE1855D8-0072-403F-AD5A-A910A50276C3}.Debug|Any CPU.Build.0 = Debug|Any CPU
		{EE1855D8-0072-403F-AD5A-A910A50276C3}.Release|Any CPU.ActiveCfg = Release|Any CPU
		{EE1855D8-0072-403F-AD5A-A910A50276C3}.Release|Any CPU.Build.0 = Release|Any CPU
		{D29E4788-434F-48DF-AE6C-019AF2A82919}.Debug|Any CPU.ActiveCfg = Debug|Any CPU
		{D29E4788-434F-48DF-AE6C-019AF2A82919}.Debug|Any CPU.Build.0 = Debug|Any CPU
		{D29E4788-434F-48DF-AE6C-019AF2A82919}.Release|Any CPU.ActiveCfg = Release|Any CPU
		{D29E4788-434F-48DF-AE6C-019AF2A82919}.Release|Any CPU.Build.0 = Release|Any CPU
		{BE79ED6E-465D-40BD-8CC2-27FF82CDD0AD}.Debug|Any CPU.ActiveCfg = Debug|Any CPU
		{BE79ED6E-465D-40BD-8CC2-27FF82CDD0AD}.Debug|Any CPU.Build.0 = Debug|Any CPU
		{BE79ED6E-465D-40BD-8CC2-27FF82CDD0AD}.Release|Any CPU.ActiveCfg = Release|Any CPU
		{BE79ED6E-465D-40BD-8CC2-27FF82CDD0AD}.Release|Any CPU.Build.0 = Release|Any CPU
		{33518E7C-6779-4951-982D-76037E5D2774}.Debug|Any CPU.ActiveCfg = Debug|Any CPU
		{33518E7C-6779-4951-982D-76037E5D2774}.Debug|Any CPU.Build.0 = Debug|Any CPU
		{33518E7C-6779-4951-982D-76037E5D2774}.Release|Any CPU.ActiveCfg = Release|Any CPU
		{33518E7C-6779-4951-982D-76037E5D2774}.Release|Any CPU.Build.0 = Release|Any CPU
		{E7D1FB55-8E24-48ED-9665-4B8B7ABDE318}.Debug|Any CPU.ActiveCfg = Debug|Any CPU
		{E7D1FB55-8E24-48ED-9665-4B8B7ABDE318}.Debug|Any CPU.Build.0 = Debug|Any CPU
		{E7D1FB55-8E24-48ED-9665-4B8B7ABDE318}.Release|Any CPU.ActiveCfg = Release|Any CPU
		{E7D1FB55-8E24-48ED-9665-4B8B7ABDE318}.Release|Any CPU.Build.0 = Release|Any CPU
	EndGlobalSection
	GlobalSection(SolutionProperties) = preSolution
		HideSolutionNode = FALSE
	EndGlobalSection
	GlobalSection(NestedProjects) = preSolution
		{663F1639-9EE0-4D02-8E26-8B3681FCB17D} = {958724CF-8A91-4230-8E4F-73EF46FBBFA1}
		{3ABA354F-745B-49FE-9193-4FCB56A990CF} = {663F1639-9EE0-4D02-8E26-8B3681FCB17D}
		{7E1823A4-3530-413F-AFDA-3DF2CD521FD7} = {3ABA354F-745B-49FE-9193-4FCB56A990CF}
		{317D3BBE-7663-4046-B237-2B615DD33821} = {3ABA354F-745B-49FE-9193-4FCB56A990CF}
		{131F704B-064C-4EF5-9C96-7E5BEC5CD48E} = {3ABA354F-745B-49FE-9193-4FCB56A990CF}
		{1DFDDC24-8B93-4CA6-B0C5-500C98DDC545} = {3ABA354F-745B-49FE-9193-4FCB56A990CF}
		{4329DCDC-5D6A-49CE-9F59-A397A530F0F7} = {958724CF-8A91-4230-8E4F-73EF46FBBFA1}
		{2EE779F7-F244-42FD-A32A-EC7E3D3F8A3A} = {4329DCDC-5D6A-49CE-9F59-A397A530F0F7}
		{E26A236A-88F8-4F16-92E1-22AB2E8D052F} = {958724CF-8A91-4230-8E4F-73EF46FBBFA1}
		{EE1855D8-0072-403F-AD5A-A910A50276C3} = {E26A236A-88F8-4F16-92E1-22AB2E8D052F}
		{D29E4788-434F-48DF-AE6C-019AF2A82919} = {E26A236A-88F8-4F16-92E1-22AB2E8D052F}
		{05921D45-24D2-4580-8831-6D6ACBC66B26} = {958724CF-8A91-4230-8E4F-73EF46FBBFA1}
		{4A6FDFBD-B949-45FB-BA3D-18805E03501D} = {05921D45-24D2-4580-8831-6D6ACBC66B26}
		{ABA08494-3A4B-4EC6-AA92-3DDB6C98C87A} = {4A6FDFBD-B949-45FB-BA3D-18805E03501D}
		{BE79ED6E-465D-40BD-8CC2-27FF82CDD0AD} = {ABA08494-3A4B-4EC6-AA92-3DDB6C98C87A}
		{33518E7C-6779-4951-982D-76037E5D2774} = {D61A302B-B72D-4B8C-A57A-2C5A860E0C84}
		{D61A302B-B72D-4B8C-A57A-2C5A860E0C84} = {ABA08494-3A4B-4EC6-AA92-3DDB6C98C87A}
		{E7D1FB55-8E24-48ED-9665-4B8B7ABDE318} = {ABA08494-3A4B-4EC6-AA92-3DDB6C98C87A}
	EndGlobalSection
	GlobalSection(ExtensibilityGlobals) = postSolution
		SolutionGuid = {83664188-F9E3-41E8-8F40-8B2FF596BE1C}
	EndGlobalSection
EndGlobal
