
Microsoft Visual Studio Solution File, Format Version 12.00
# Visual Studio Version 17
VisualStudioVersion = 17.10.35013.160
MinimumVisualStudioVersion = 10.0.40219.1
Project("{2150E333-8FDC-42A3-9474-1A3956D46DE8}") = "src", "src", "{958724CF-8A91-4230-8E4F-73EF46FBBFA1}"
EndProject
Project("{2150E333-8FDC-42A3-9474-1A3956D46DE8}") = "Services", "Services", "{663F1639-9EE0-4D02-8E26-8B3681FCB17D}"
EndProject
Project("{2150E333-8FDC-42A3-9474-1A3956D46DE8}") = "API", "API", "{3ABA354F-745B-49FE-9193-4FCB56A990CF}"
EndProject
Project("{FAE04EC0-301F-11D3-BF4B-00C04F79EFBC}") = "SGONGA.WebAPI.Business", "src\services\SGONGA.WebAPI.Business\SGONGA.WebAPI.Business.csproj", "{7E1823A4-3530-413F-AFDA-3DF2CD521FD7}"
EndProject
Project("{FAE04EC0-301F-11D3-BF4B-00C04F79EFBC}") = "SGONGA.WebAPI.Identity", "src\services\SGONGA.WebAPI.Identity\SGONGA.WebAPI.Identity.csproj", "{317D3BBE-7663-4046-B237-2B615DD33821}"
EndProject
Project("{FAE04EC0-301F-11D3-BF4B-00C04F79EFBC}") = "SGONGA.WebAPI.Data", "src\services\SGONGA.WebAPI.Data\SGONGA.WebAPI.Data.csproj", "{131F704B-064C-4EF5-9C96-7E5BEC5CD48E}"
EndProject
Project("{FAE04EC0-301F-11D3-BF4B-00C04F79EFBC}") = "SGONGA.WebAPI.API", "src\services\SGONGA.WebAPI.API\SGONGA.WebAPI.API.csproj", "{1DFDDC24-8B93-4CA6-B0C5-500C98DDC545}"
EndProject
Global
	GlobalSection(SolutionConfigurationPlatforms) = preSolution
		Debug|Any CPU = Debug|Any CPU
		Release|Any CPU = Release|Any CPU
	EndGlobalSection
	GlobalSection(ProjectConfigurationPlatforms) = postSolution
		{7E1823A4-3530-413F-AFDA-3DF2CD521FD7}.Debug|Any CPU.ActiveCfg = Debug|Any CPU
		{7E1823A4-3530-413F-AFDA-3DF2CD521FD7}.Debug|Any CPU.Build.0 = Debug|Any CPU
		{7E1823A4-3530-413F-AFDA-3DF2CD521FD7}.Release|Any CPU.ActiveCfg = Release|Any CPU
		{7E1823A4-3530-413F-AFDA-3DF2CD521FD7}.Release|Any CPU.Build.0 = Release|Any CPU
		{317D3BBE-7663-4046-B237-2B615DD33821}.Debug|Any CPU.ActiveCfg = Debug|Any CPU
		{317D3BBE-7663-4046-B237-2B615DD33821}.Debug|Any CPU.Build.0 = Debug|Any CPU
		{317D3BBE-7663-4046-B237-2B615DD33821}.Release|Any CPU.ActiveCfg = Release|Any CPU
		{317D3BBE-7663-4046-B237-2B615DD33821}.Release|Any CPU.Build.0 = Release|Any CPU
		{131F704B-064C-4EF5-9C96-7E5BEC5CD48E}.Debug|Any CPU.ActiveCfg = Debug|Any CPU
		{131F704B-064C-4EF5-9C96-7E5BEC5CD48E}.Debug|Any CPU.Build.0 = Debug|Any CPU
		{131F704B-064C-4EF5-9C96-7E5BEC5CD48E}.Release|Any CPU.ActiveCfg = Release|Any CPU
		{131F704B-064C-4EF5-9C96-7E5BEC5CD48E}.Release|Any CPU.Build.0 = Release|Any CPU
		{1DFDDC24-8B93-4CA6-B0C5-500C98DDC545}.Debug|Any CPU.ActiveCfg = Debug|Any CPU
		{1DFDDC24-8B93-4CA6-B0C5-500C98DDC545}.Debug|Any CPU.Build.0 = Debug|Any CPU
		{1DFDDC24-8B93-4CA6-B0C5-500C98DDC545}.Release|Any CPU.ActiveCfg = Release|Any CPU
		{1DFDDC24-8B93-4CA6-B0C5-500C98DDC545}.Release|Any CPU.Build.0 = Release|Any CPU
	EndGlobalSection
	GlobalSection(SolutionProperties) = preSolution
		HideSolutionNode = FALSE
	EndGlobalSection
	GlobalSection(NestedProjects) = preSolution
		{663F1639-9EE0-4D02-8E26-8B3681FCB17D} = {958724CF-8A91-4230-8E4F-73EF46FBBFA1}
		{3ABA354F-745B-49FE-9193-4FCB56A990CF} = {663F1639-9EE0-4D02-8E26-8B3681FCB17D}
		{7E1823A4-3530-413F-AFDA-3DF2CD521FD7} = {3ABA354F-745B-49FE-9193-4FCB56A990CF}
		{317D3BBE-7663-4046-B237-2B615DD33821} = {3ABA354F-745B-49FE-9193-4FCB56A990CF}
		{131F704B-064C-4EF5-9C96-7E5BEC5CD48E} = {3ABA354F-745B-49FE-9193-4FCB56A990CF}
		{1DFDDC24-8B93-4CA6-B0C5-500C98DDC545} = {3ABA354F-745B-49FE-9193-4FCB56A990CF}
	EndGlobalSection
	GlobalSection(ExtensibilityGlobals) = postSolution
		SolutionGuid = {83664188-F9E3-41E8-8F40-8B2FF596BE1C}
	EndGlobalSection
EndGlobal
